
Microsoft Visual Studio Solution File, Format Version 12.00
# Visual Studio Version 17
VisualStudioVersion = 17.14.36623.8
MinimumVisualStudioVersion = 10.0.40219.1
Project("{8BC9CEB8-8B4A-11D0-8D11-00A0C91BC942}") = "BBSDrv", "BBSDrv\BBSDrv.vcxproj", "{31D74F19-CD12-19F0-EC41-8112E5E6DE21}"
EndProject
Project("{FAE04EC0-301F-11D3-BF4B-00C04F79EFBC}") = "BBSCLI", "BBSCLI\BBSCLI.csproj", "{BEEA24A7-E751-4F4C-A472-01A392B94E3B}"
EndProject
Project("{FAE04EC0-301F-11D3-BF4B-00C04F79EFBC}") = "BBSService", "BBSService\BBSService.csproj", "{25DDD096-7526-4C61-A2B2-68F7DA050518}"
EndProject
Project("{FAE04EC0-301F-11D3-BF4B-00C04F79EFBC}") = "BBSGUI", "BBSGUI\BBSGUI.csproj", "{DC84441C-8A7B-41D3-8432-95DD807408B2}"
EndProject
Project("{FAE04EC0-301F-11D3-BF4B-00C04F79EFBC}") = "BBSLib", "BBSLib\BBSLib.csproj", "{90E6D946-203B-4205-8A7F-77CA080ABD12}"
EndProject
Global
	GlobalSection(SolutionConfigurationPlatforms) = preSolution
		Debug|Any CPU = Debug|Any CPU
		Debug|ARM64 = Debug|ARM64
		Debug|x64 = Debug|x64
		Release|Any CPU = Release|Any CPU
		Release|ARM64 = Release|ARM64
		Release|x64 = Release|x64
	EndGlobalSection
	GlobalSection(ProjectConfigurationPlatforms) = postSolution
		{31D74F19-CD12-19F0-EC41-8112E5E6DE21}.Debug|Any CPU.ActiveCfg = Debug|x64
		{31D74F19-CD12-19F0-EC41-8112E5E6DE21}.Debug|Any CPU.Build.0 = Debug|x64
		{31D74F19-CD12-19F0-EC41-8112E5E6DE21}.Debug|Any CPU.Deploy.0 = Debug|x64
		{31D74F19-CD12-19F0-EC41-8112E5E6DE21}.Debug|ARM64.ActiveCfg = Debug|ARM64
		{31D74F19-CD12-19F0-EC41-8112E5E6DE21}.Debug|ARM64.Build.0 = Debug|ARM64
		{31D74F19-CD12-19F0-EC41-8112E5E6DE21}.Debug|ARM64.Deploy.0 = Debug|ARM64
		{31D74F19-CD12-19F0-EC41-8112E5E6DE21}.Debug|x64.ActiveCfg = Debug|x64
		{31D74F19-CD12-19F0-EC41-8112E5E6DE21}.Debug|x64.Build.0 = Debug|x64
		{31D74F19-CD12-19F0-EC41-8112E5E6DE21}.Debug|x64.Deploy.0 = Debug|x64
		{31D74F19-CD12-19F0-EC41-8112E5E6DE21}.Release|Any CPU.ActiveCfg = Release|x64
		{31D74F19-CD12-19F0-EC41-8112E5E6DE21}.Release|Any CPU.Build.0 = Release|x64
		{31D74F19-CD12-19F0-EC41-8112E5E6DE21}.Release|Any CPU.Deploy.0 = Release|x64
		{31D74F19-CD12-19F0-EC41-8112E5E6DE21}.Release|ARM64.ActiveCfg = Release|ARM64
		{31D74F19-CD12-19F0-EC41-8112E5E6DE21}.Release|ARM64.Build.0 = Release|ARM64
		{31D74F19-CD12-19F0-EC41-8112E5E6DE21}.Release|ARM64.Deploy.0 = Release|ARM64
		{31D74F19-CD12-19F0-EC41-8112E5E6DE21}.Release|x64.ActiveCfg = Release|x64
		{31D74F19-CD12-19F0-EC41-8112E5E6DE21}.Release|x64.Build.0 = Release|x64
		{31D74F19-CD12-19F0-EC41-8112E5E6DE21}.Release|x64.Deploy.0 = Release|x64
		{BEEA24A7-E751-4F4C-A472-01A392B94E3B}.Debug|Any CPU.ActiveCfg = Debug|Any CPU
		{BEEA24A7-E751-4F4C-A472-01A392B94E3B}.Debug|Any CPU.Build.0 = Debug|Any CPU
		{BEEA24A7-E751-4F4C-A472-01A392B94E3B}.Debug|ARM64.ActiveCfg = Debug|Any CPU
		{BEEA24A7-E751-4F4C-A472-01A392B94E3B}.Debug|ARM64.Build.0 = Debug|Any CPU
		{BEEA24A7-E751-4F4C-A472-01A392B94E3B}.Debug|x64.ActiveCfg = Debug|x64
		{BEEA24A7-E751-4F4C-A472-01A392B94E3B}.Debug|x64.Build.0 = Debug|x64
		{BEEA24A7-E751-4F4C-A472-01A392B94E3B}.Release|Any CPU.ActiveCfg = Release|Any CPU
		{BEEA24A7-E751-4F4C-A472-01A392B94E3B}.Release|Any CPU.Build.0 = Release|Any CPU
		{BEEA24A7-E751-4F4C-A472-01A392B94E3B}.Release|ARM64.ActiveCfg = Release|Any CPU
		{BEEA24A7-E751-4F4C-A472-01A392B94E3B}.Release|ARM64.Build.0 = Release|Any CPU
		{BEEA24A7-E751-4F4C-A472-01A392B94E3B}.Release|x64.ActiveCfg = Release|x64
		{BEEA24A7-E751-4F4C-A472-01A392B94E3B}.Release|x64.Build.0 = Release|x64
		{25DDD096-7526-4C61-A2B2-68F7DA050518}.Debug|Any CPU.ActiveCfg = Debug|Any CPU
		{25DDD096-7526-4C61-A2B2-68F7DA050518}.Debug|Any CPU.Build.0 = Debug|Any CPU
		{25DDD096-7526-4C61-A2B2-68F7DA050518}.Debug|ARM64.ActiveCfg = Debug|Any CPU
		{25DDD096-7526-4C61-A2B2-68F7DA050518}.Debug|ARM64.Build.0 = Debug|Any CPU
		{25DDD096-7526-4C61-A2B2-68F7DA050518}.Debug|x64.ActiveCfg = Debug|x64
		{25DDD096-7526-4C61-A2B2-68F7DA050518}.Debug|x64.Build.0 = Debug|x64
		{25DDD096-7526-4C61-A2B2-68F7DA050518}.Release|Any CPU.ActiveCfg = Release|Any CPU
		{25DDD096-7526-4C61-A2B2-68F7DA050518}.Release|Any CPU.Build.0 = Release|Any CPU
		{25DDD096-7526-4C61-A2B2-68F7DA050518}.Release|ARM64.ActiveCfg = Release|Any CPU
		{25DDD096-7526-4C61-A2B2-68F7DA050518}.Release|ARM64.Build.0 = Release|Any CPU
		{25DDD096-7526-4C61-A2B2-68F7DA050518}.Release|x64.ActiveCfg = Release|Any CPU
		{25DDD096-7526-4C61-A2B2-68F7DA050518}.Release|x64.Build.0 = Release|Any CPU
		{DC84441C-8A7B-41D3-8432-95DD807408B2}.Debug|Any CPU.ActiveCfg = Debug|Any CPU
		{DC84441C-8A7B-41D3-8432-95DD807408B2}.Debug|Any CPU.Build.0 = Debug|Any CPU
		{DC84441C-8A7B-41D3-8432-95DD807408B2}.Debug|ARM64.ActiveCfg = Debug|Any CPU
		{DC84441C-8A7B-41D3-8432-95DD807408B2}.Debug|ARM64.Build.0 = Debug|Any CPU
		{DC84441C-8A7B-41D3-8432-95DD807408B2}.Debug|x64.ActiveCfg = Debug|x64
		{DC84441C-8A7B-41D3-8432-95DD807408B2}.Debug|x64.Build.0 = Debug|x64
		{DC84441C-8A7B-41D3-8432-95DD807408B2}.Release|Any CPU.ActiveCfg = Release|Any CPU
		{DC84441C-8A7B-41D3-8432-95DD807408B2}.Release|Any CPU.Build.0 = Release|Any CPU
		{DC84441C-8A7B-41D3-8432-95DD807408B2}.Release|ARM64.ActiveCfg = Release|Any CPU
		{DC84441C-8A7B-41D3-8432-95DD807408B2}.Release|ARM64.Build.0 = Release|Any CPU
		{DC84441C-8A7B-41D3-8432-95DD807408B2}.Release|x64.ActiveCfg = Release|Any CPU
		{DC84441C-8A7B-41D3-8432-95DD807408B2}.Release|x64.Build.0 = Release|Any CPU
		{90E6D946-203B-4205-8A7F-77CA080ABD12}.Debug|Any CPU.ActiveCfg = Debug|Any CPU
		{90E6D946-203B-4205-8A7F-77CA080ABD12}.Debug|Any CPU.Build.0 = Debug|Any CPU
		{90E6D946-203B-4205-8A7F-77CA080ABD12}.Debug|ARM64.ActiveCfg = Debug|Any CPU
		{90E6D946-203B-4205-8A7F-77CA080ABD12}.Debug|ARM64.Build.0 = Debug|Any CPU
		{90E6D946-203B-4205-8A7F-77CA080ABD12}.Debug|x64.ActiveCfg = Debug|x64
		{90E6D946-203B-4205-8A7F-77CA080ABD12}.Debug|x64.Build.0 = Debug|x64
		{90E6D946-203B-4205-8A7F-77CA080ABD12}.Release|Any CPU.ActiveCfg = Release|Any CPU
		{90E6D946-203B-4205-8A7F-77CA080ABD12}.Release|Any CPU.Build.0 = Release|Any CPU
		{90E6D946-203B-4205-8A7F-77CA080ABD12}.Release|ARM64.ActiveCfg = Release|Any CPU
		{90E6D946-203B-4205-8A7F-77CA080ABD12}.Release|ARM64.Build.0 = Release|Any CPU
		{90E6D946-203B-4205-8A7F-77CA080ABD12}.Release|x64.ActiveCfg = Release|Any CPU
		{90E6D946-203B-4205-8A7F-77CA080ABD12}.Release|x64.Build.0 = Release|Any CPU
	EndGlobalSection
	GlobalSection(SolutionProperties) = preSolution
		HideSolutionNode = FALSE
	EndGlobalSection
	GlobalSection(ExtensibilityGlobals) = postSolution
		SolutionGuid = {DE29A5AE-8D12-48BB-B7C6-D41B7CE0EB1F}
	EndGlobalSection
EndGlobal
